// !$*UTF8*$!
{
	archiveVersion = 1;
	classes = {
	};
	objectVersion = 46;
	objects = {

/* Begin PBXBuildFile section */
		2F7537B41A8C1E0C007D9823 /* MapViewController.m in Sources */ = {isa = PBXBuildFile; fileRef = 2F7537B31A8C1E0C007D9823 /* MapViewController.m */; };
		2F7537B61A8C1E31007D9823 /* MapKit.framework in Frameworks */ = {isa = PBXBuildFile; fileRef = 2F7537B51A8C1E31007D9823 /* MapKit.framework */; };
		2F7537B81A8C1E3A007D9823 /* CoreLocation.framework in Frameworks */ = {isa = PBXBuildFile; fileRef = 2F7537B71A8C1E3A007D9823 /* CoreLocation.framework */; };
		2F821B101A897C420016434D /* main.m in Sources */ = {isa = PBXBuildFile; fileRef = 2F821B0F1A897C420016434D /* main.m */; };
		2F821B131A897C420016434D /* AppDelegate.m in Sources */ = {isa = PBXBuildFile; fileRef = 2F821B121A897C420016434D /* AppDelegate.m */; };
		2F821B161A897C420016434D /* ListViewController.m in Sources */ = {isa = PBXBuildFile; fileRef = 2F821B151A897C420016434D /* ListViewController.m */; };
		2F821B191A897C420016434D /* Main.storyboard in Resources */ = {isa = PBXBuildFile; fileRef = 2F821B171A897C420016434D /* Main.storyboard */; };
		2F821B1B1A897C420016434D /* Images.xcassets in Resources */ = {isa = PBXBuildFile; fileRef = 2F821B1A1A897C420016434D /* Images.xcassets */; };
		2F821B1E1A897C420016434D /* LaunchScreen.xib in Resources */ = {isa = PBXBuildFile; fileRef = 2F821B1C1A897C420016434D /* LaunchScreen.xib */; };
		2F821B2A1A897C420016434D /* BlocSpotTests.m in Sources */ = {isa = PBXBuildFile; fileRef = 2F821B291A897C420016434D /* BlocSpotTests.m */; };
		2F98BE191A9A14580008C86C /* POIData.m in Sources */ = {isa = PBXBuildFile; fileRef = 2F98BE181A9A14580008C86C /* POIData.m */; };
		2FA1E9DF1A8F40ED000ECC4C /* SearchViewController.m in Sources */ = {isa = PBXBuildFile; fileRef = 2FA1E9DE1A8F40ED000ECC4C /* SearchViewController.m */; };
/* End PBXBuildFile section */

/* Begin PBXContainerItemProxy section */
		2F821B241A897C420016434D /* PBXContainerItemProxy */ = {
			isa = PBXContainerItemProxy;
			containerPortal = 2F821B021A897C420016434D /* Project object */;
			proxyType = 1;
			remoteGlobalIDString = 2F821B091A897C420016434D;
			remoteInfo = BlocSpot;
		};
/* End PBXContainerItemProxy section */

/* Begin PBXFileReference section */
		2F7537B21A8C1E0C007D9823 /* MapViewController.h */ = {isa = PBXFileReference; fileEncoding = 4; lastKnownFileType = sourcecode.c.h; path = MapViewController.h; sourceTree = "<group>"; };
		2F7537B31A8C1E0C007D9823 /* MapViewController.m */ = {isa = PBXFileReference; fileEncoding = 4; lastKnownFileType = sourcecode.c.objc; path = MapViewController.m; sourceTree = "<group>"; };
		2F7537B51A8C1E31007D9823 /* MapKit.framework */ = {isa = PBXFileReference; lastKnownFileType = wrapper.framework; name = MapKit.framework; path = System/Library/Frameworks/MapKit.framework; sourceTree = SDKROOT; };
		2F7537B71A8C1E3A007D9823 /* CoreLocation.framework */ = {isa = PBXFileReference; lastKnownFileType = wrapper.framework; name = CoreLocation.framework; path = System/Library/Frameworks/CoreLocation.framework; sourceTree = SDKROOT; };
		2F821B0A1A897C420016434D /* BlocSpot.app */ = {isa = PBXFileReference; explicitFileType = wrapper.application; includeInIndex = 0; path = BlocSpot.app; sourceTree = BUILT_PRODUCTS_DIR; };
		2F821B0E1A897C420016434D /* Info.plist */ = {isa = PBXFileReference; lastKnownFileType = text.plist.xml; path = Info.plist; sourceTree = "<group>"; };
		2F821B0F1A897C420016434D /* main.m */ = {isa = PBXFileReference; lastKnownFileType = sourcecode.c.objc; path = main.m; sourceTree = "<group>"; };
		2F821B111A897C420016434D /* AppDelegate.h */ = {isa = PBXFileReference; lastKnownFileType = sourcecode.c.h; path = AppDelegate.h; sourceTree = "<group>"; };
		2F821B121A897C420016434D /* AppDelegate.m */ = {isa = PBXFileReference; lastKnownFileType = sourcecode.c.objc; path = AppDelegate.m; sourceTree = "<group>"; };
		2F821B141A897C420016434D /* ListViewController.h */ = {isa = PBXFileReference; lastKnownFileType = sourcecode.c.h; path = ListViewController.h; sourceTree = "<group>"; };
		2F821B151A897C420016434D /* ListViewController.m */ = {isa = PBXFileReference; lastKnownFileType = sourcecode.c.objc; path = ListViewController.m; sourceTree = "<group>"; };
		2F821B181A897C420016434D /* Base */ = {isa = PBXFileReference; lastKnownFileType = file.storyboard; name = Base; path = Base.lproj/Main.storyboard; sourceTree = "<group>"; };
		2F821B1A1A897C420016434D /* Images.xcassets */ = {isa = PBXFileReference; lastKnownFileType = folder.assetcatalog; path = Images.xcassets; sourceTree = "<group>"; };
		2F821B1D1A897C420016434D /* Base */ = {isa = PBXFileReference; lastKnownFileType = file.xib; name = Base; path = Base.lproj/LaunchScreen.xib; sourceTree = "<group>"; };
		2F821B231A897C420016434D /* BlocSpotTests.xctest */ = {isa = PBXFileReference; explicitFileType = wrapper.cfbundle; includeInIndex = 0; path = BlocSpotTests.xctest; sourceTree = BUILT_PRODUCTS_DIR; };
		2F821B281A897C420016434D /* Info.plist */ = {isa = PBXFileReference; lastKnownFileType = text.plist.xml; path = Info.plist; sourceTree = "<group>"; };
		2F821B291A897C420016434D /* BlocSpotTests.m */ = {isa = PBXFileReference; lastKnownFileType = sourcecode.c.objc; path = BlocSpotTests.m; sourceTree = "<group>"; };
		2F98BE171A9A14580008C86C /* POIData.h */ = {isa = PBXFileReference; fileEncoding = 4; lastKnownFileType = sourcecode.c.h; path = POIData.h; sourceTree = "<group>"; };
		2F98BE181A9A14580008C86C /* POIData.m */ = {isa = PBXFileReference; fileEncoding = 4; lastKnownFileType = sourcecode.c.objc; path = POIData.m; sourceTree = "<group>"; };
		2FA1E9DD1A8F40ED000ECC4C /* SearchViewController.h */ = {isa = PBXFileReference; fileEncoding = 4; lastKnownFileType = sourcecode.c.h; path = SearchViewController.h; sourceTree = "<group>"; };
		2FA1E9DE1A8F40ED000ECC4C /* SearchViewController.m */ = {isa = PBXFileReference; fileEncoding = 4; lastKnownFileType = sourcecode.c.objc; path = SearchViewController.m; sourceTree = "<group>"; };
/* End PBXFileReference section */

/* Begin PBXFrameworksBuildPhase section */
		2F821B071A897C420016434D /* Frameworks */ = {
			isa = PBXFrameworksBuildPhase;
			buildActionMask = 2147483647;
			files = (
				2F7537B81A8C1E3A007D9823 /* CoreLocation.framework in Frameworks */,
				2F7537B61A8C1E31007D9823 /* MapKit.framework in Frameworks */,
			);
			runOnlyForDeploymentPostprocessing = 0;
		};
		2F821B201A897C420016434D /* Frameworks */ = {
			isa = PBXFrameworksBuildPhase;
			buildActionMask = 2147483647;
			files = (
			);
			runOnlyForDeploymentPostprocessing = 0;
		};
/* End PBXFrameworksBuildPhase section */

/* Begin PBXGroup section */
		2F821B011A897C420016434D = {
			isa = PBXGroup;
			children = (
				2F7537B71A8C1E3A007D9823 /* CoreLocation.framework */,
				2F7537B51A8C1E31007D9823 /* MapKit.framework */,
				2F821B0C1A897C420016434D /* BlocSpot */,
				2F821B261A897C420016434D /* BlocSpotTests */,
				2F821B0B1A897C420016434D /* Products */,
			);
			sourceTree = "<group>";
		};
		2F821B0B1A897C420016434D /* Products */ = {
			isa = PBXGroup;
			children = (
				2F821B0A1A897C420016434D /* BlocSpot.app */,
				2F821B231A897C420016434D /* BlocSpotTests.xctest */,
			);
			name = Products;
			sourceTree = "<group>";
		};
		2F821B0C1A897C420016434D /* BlocSpot */ = {
			isa = PBXGroup;
			children = (
				2F821B111A897C420016434D /* AppDelegate.h */,
				2F821B121A897C420016434D /* AppDelegate.m */,
				2F821B141A897C420016434D /* ListViewController.h */,
				2F821B151A897C420016434D /* ListViewController.m */,
				2F7537B21A8C1E0C007D9823 /* MapViewController.h */,
				2F7537B31A8C1E0C007D9823 /* MapViewController.m */,
				2FA1E9DD1A8F40ED000ECC4C /* SearchViewController.h */,
				2FA1E9DE1A8F40ED000ECC4C /* SearchViewController.m */,
				2F98BE171A9A14580008C86C /* POIData.h */,
				2F98BE181A9A14580008C86C /* POIData.m */,
				2F821B171A897C420016434D /* Main.storyboard */,
				2F821B1A1A897C420016434D /* Images.xcassets */,
				2F821B1C1A897C420016434D /* LaunchScreen.xib */,
				2F821B0D1A897C420016434D /* Supporting Files */,
			);
			path = BlocSpot;
			sourceTree = "<group>";
		};
		2F821B0D1A897C420016434D /* Supporting Files */ = {
			isa = PBXGroup;
			children = (
				2F821B0E1A897C420016434D /* Info.plist */,
				2F821B0F1A897C420016434D /* main.m */,
			);
			name = "Supporting Files";
			sourceTree = "<group>";
		};
		2F821B261A897C420016434D /* BlocSpotTests */ = {
			isa = PBXGroup;
			children = (
				2F821B291A897C420016434D /* BlocSpotTests.m */,
				2F821B271A897C420016434D /* Supporting Files */,
			);
			path = BlocSpotTests;
			sourceTree = "<group>";
		};
		2F821B271A897C420016434D /* Supporting Files */ = {
			isa = PBXGroup;
			children = (
				2F821B281A897C420016434D /* Info.plist */,
			);
			name = "Supporting Files";
			sourceTree = "<group>";
		};
/* End PBXGroup section */

/* Begin PBXNativeTarget section */
		2F821B091A897C420016434D /* BlocSpot */ = {
			isa = PBXNativeTarget;
			buildConfigurationList = 2F821B2D1A897C420016434D /* Build configuration list for PBXNativeTarget "BlocSpot" */;
			buildPhases = (
				2F821B061A897C420016434D /* Sources */,
				2F821B071A897C420016434D /* Frameworks */,
				2F821B081A897C420016434D /* Resources */,
			);
			buildRules = (
			);
			dependencies = (
			);
			name = BlocSpot;
			productName = BlocSpot;
			productReference = 2F821B0A1A897C420016434D /* BlocSpot.app */;
			productType = "com.apple.product-type.application";
		};
		2F821B221A897C420016434D /* BlocSpotTests */ = {
			isa = PBXNativeTarget;
			buildConfigurationList = 2F821B301A897C420016434D /* Build configuration list for PBXNativeTarget "BlocSpotTests" */;
			buildPhases = (
				2F821B1F1A897C420016434D /* Sources */,
				2F821B201A897C420016434D /* Frameworks */,
				2F821B211A897C420016434D /* Resources */,
			);
			buildRules = (
			);
			dependencies = (
				2F821B251A897C420016434D /* PBXTargetDependency */,
			);
			name = BlocSpotTests;
			productName = BlocSpotTests;
			productReference = 2F821B231A897C420016434D /* BlocSpotTests.xctest */;
			productType = "com.apple.product-type.bundle.unit-test";
		};
/* End PBXNativeTarget section */

/* Begin PBXProject section */
		2F821B021A897C420016434D /* Project object */ = {
			isa = PBXProject;
			attributes = {
				LastUpgradeCheck = 0610;
				ORGANIZATIONNAME = "Tin Bear Studios";
				TargetAttributes = {
					2F821B091A897C420016434D = {
						CreatedOnToolsVersion = 6.1.1;
					};
					2F821B221A897C420016434D = {
						CreatedOnToolsVersion = 6.1.1;
						TestTargetID = 2F821B091A897C420016434D;
					};
				};
			};
			buildConfigurationList = 2F821B051A897C420016434D /* Build configuration list for PBXProject "BlocSpot" */;
			compatibilityVersion = "Xcode 3.2";
			developmentRegion = English;
			hasScannedForEncodings = 0;
			knownRegions = (
				en,
				Base,
			);
			mainGroup = 2F821B011A897C420016434D;
			productRefGroup = 2F821B0B1A897C420016434D /* Products */;
			projectDirPath = "";
			projectRoot = "";
			targets = (
				2F821B091A897C420016434D /* BlocSpot */,
				2F821B221A897C420016434D /* BlocSpotTests */,
			);
		};
/* End PBXProject section */

/* Begin PBXResourcesBuildPhase section */
		2F821B081A897C420016434D /* Resources */ = {
			isa = PBXResourcesBuildPhase;
			buildActionMask = 2147483647;
			files = (
				2F821B191A897C420016434D /* Main.storyboard in Resources */,
				2F821B1E1A897C420016434D /* LaunchScreen.xib in Resources */,
				2F821B1B1A897C420016434D /* Images.xcassets in Resources */,
			);
			runOnlyForDeploymentPostprocessing = 0;
		};
		2F821B211A897C420016434D /* Resources */ = {
			isa = PBXResourcesBuildPhase;
			buildActionMask = 2147483647;
			files = (
			);
			runOnlyForDeploymentPostprocessing = 0;
		};
/* End PBXResourcesBuildPhase section */

/* Begin PBXSourcesBuildPhase section */
		2F821B061A897C420016434D /* Sources */ = {
			isa = PBXSourcesBuildPhase;
			buildActionMask = 2147483647;
			files = (
				2F821B161A897C420016434D /* ListViewController.m in Sources */,
				2F821B131A897C420016434D /* AppDelegate.m in Sources */,
				2FA1E9DF1A8F40ED000ECC4C /* SearchViewController.m in Sources */,
				2F821B101A897C420016434D /* main.m in Sources */,
				2F98BE191A9A14580008C86C /* POIData.m in Sources */,
				2F7537B41A8C1E0C007D9823 /* MapViewController.m in Sources */,
			);
			runOnlyForDeploymentPostprocessing = 0;
		};
		2F821B1F1A897C420016434D /* Sources */ = {
			isa = PBXSourcesBuildPhase;
			buildActionMask = 2147483647;
			files = (
				2F821B2A1A897C420016434D /* BlocSpotTests.m in Sources */,
			);
			runOnlyForDeploymentPostprocessing = 0;
		};
/* End PBXSourcesBuildPhase section */

/* Begin PBXTargetDependency section */
		2F821B251A897C420016434D /* PBXTargetDependency */ = {
			isa = PBXTargetDependency;
			target = 2F821B091A897C420016434D /* BlocSpot */;
			targetProxy = 2F821B241A897C420016434D /* PBXContainerItemProxy */;
		};
/* End PBXTargetDependency section */

/* Begin PBXVariantGroup section */
		2F821B171A897C420016434D /* Main.storyboard */ = {
			isa = PBXVariantGroup;
			children = (
				2F821B181A897C420016434D /* Base */,
			);
			name = Main.storyboard;
			sourceTree = "<group>";
		};
		2F821B1C1A897C420016434D /* LaunchScreen.xib */ = {
			isa = PBXVariantGroup;
			children = (
				2F821B1D1A897C420016434D /* Base */,
			);
			name = LaunchScreen.xib;
			sourceTree = "<group>";
		};
/* End PBXVariantGroup section */

/* Begin XCBuildConfiguration section */
		2F821B2B1A897C420016434D /* Debug */ = {
			isa = XCBuildConfiguration;
			buildSettings = {
				ALWAYS_SEARCH_USER_PATHS = NO;
				CLANG_CXX_LANGUAGE_STANDARD = "gnu++0x";
				CLANG_CXX_LIBRARY = "libc++";
				CLANG_ENABLE_MODULES = YES;
				CLANG_ENABLE_OBJC_ARC = YES;
				CLANG_WARN_BOOL_CONVERSION = YES;
				CLANG_WARN_CONSTANT_CONVERSION = YES;
				CLANG_WARN_DIRECT_OBJC_ISA_USAGE = YES_ERROR;
				CLANG_WARN_EMPTY_BODY = YES;
				CLANG_WARN_ENUM_CONVERSION = YES;
				CLANG_WARN_INT_CONVERSION = YES;
				CLANG_WARN_OBJC_ROOT_CLASS = YES_ERROR;
				CLANG_WARN_UNREACHABLE_CODE = YES;
				CLANG_WARN__DUPLICATE_METHOD_MATCH = YES;
				"CODE_SIGN_IDENTITY[sdk=iphoneos*]" = "iPhone Developer";
				COPY_PHASE_STRIP = NO;
				ENABLE_STRICT_OBJC_MSGSEND = YES;
				GCC_C_LANGUAGE_STANDARD = gnu99;
				GCC_DYNAMIC_NO_PIC = NO;
				GCC_OPTIMIZATION_LEVEL = 0;
				GCC_PREPROCESSOR_DEFINITIONS = (
					"DEBUG=1",
					"$(inherited)",
				);
				GCC_SYMBOLS_PRIVATE_EXTERN = NO;
				GCC_WARN_64_TO_32_BIT_CONVERSION = YES;
				GCC_WARN_ABOUT_RETURN_TYPE = YES_ERROR;
				GCC_WARN_UNDECLARED_SELECTOR = YES;
				GCC_WARN_UNINITIALIZED_AUTOS = YES_AGGRESSIVE;
				GCC_WARN_UNUSED_FUNCTION = YES;
				GCC_WARN_UNUSED_VARIABLE = YES;
				IPHONEOS_DEPLOYMENT_TARGET = 8.1;
				MTL_ENABLE_DEBUG_INFO = YES;
				ONLY_ACTIVE_ARCH = YES;
				SDKROOT = iphoneos;
				TARGETED_DEVICE_FAMILY = "1,2";
			};
			name = Debug;
		};
		2F821B2C1A897C420016434D /* Release */ = {
			isa = XCBuildConfiguration;
			buildSettings = {
				ALWAYS_SEARCH_USER_PATHS = NO;
				CLANG_CXX_LANGUAGE_STANDARD = "gnu++0x";
				CLANG_CXX_LIBRARY = "libc++";
				CLANG_ENABLE_MODULES = YES;
				CLANG_ENABLE_OBJC_ARC = YES;
				CLANG_WARN_BOOL_CONVERSION = YES;
				CLANG_WARN_CONSTANT_CONVERSION = YES;
				CLANG_WARN_DIRECT_OBJC_ISA_USAGE = YES_ERROR;
				CLANG_WARN_EMPTY_BODY = YES;
				CLANG_WARN_ENUM_CONVERSION = YES;
				CLANG_WARN_INT_CONVERSION = YES;
				CLANG_WARN_OBJC_ROOT_CLASS = YES_ERROR;
				CLANG_WARN_UNREACHABLE_CODE = YES;
				CLANG_WARN__DUPLICATE_METHOD_MATCH = YES;
				"CODE_SIGN_IDENTITY[sdk=iphoneos*]" = "iPhone Developer";
				COPY_PHASE_STRIP = YES;
				ENABLE_NS_ASSERTIONS = NO;
				ENABLE_STRICT_OBJC_MSGSEND = YES;
				GCC_C_LANGUAGE_STANDARD = gnu99;
				GCC_WARN_64_TO_32_BIT_CONVERSION = YES;
				GCC_WARN_ABOUT_RETURN_TYPE = YES_ERROR;
				GCC_WARN_UNDECLARED_SELECTOR = YES;
				GCC_WARN_UNINITIALIZED_AUTOS = YES_AGGRESSIVE;
				GCC_WARN_UNUSED_FUNCTION = YES;
				GCC_WARN_UNUSED_VARIABLE = YES;
				IPHONEOS_DEPLOYMENT_TARGET = 8.1;
				MTL_ENABLE_DEBUG_INFO = NO;
				SDKROOT = iphoneos;
				TARGETED_DEVICE_FAMILY = "1,2";
				VALIDATE_PRODUCT = YES;
			};
			name = Release;
		};
		2F821B2E1A897C420016434D /* Debug */ = {
			isa = XCBuildConfiguration;
			buildSettings = {
				ASSETCATALOG_COMPILER_APPICON_NAME = AppIcon;
				INFOPLIST_FILE = BlocSpot/Info.plist;
				LD_RUNPATH_SEARCH_PATHS = "$(inherited) @executable_path/Frameworks";
				PRODUCT_NAME = "$(TARGET_NAME)";
			};
			name = Debug;
		};
		2F821B2F1A897C420016434D /* Release */ = {
			isa = XCBuildConfiguration;
			buildSettings = {
				ASSETCATALOG_COMPILER_APPICON_NAME = AppIcon;
				INFOPLIST_FILE = BlocSpot/Info.plist;
				LD_RUNPATH_SEARCH_PATHS = "$(inherited) @executable_path/Frameworks";
				PRODUCT_NAME = "$(TARGET_NAME)";
			};
			name = Release;
		};
		2F821B311A897C420016434D /* Debug */ = {
			isa = XCBuildConfiguration;
			buildSettings = {
				BUNDLE_LOADER = "$(TEST_HOST)";
				FRAMEWORK_SEARCH_PATHS = (
					"$(SDKROOT)/Developer/Library/Frameworks",
					"$(inherited)",
				);
				GCC_PREPROCESSOR_DEFINITIONS = (
					"DEBUG=1",
					"$(inherited)",
				);
				INFOPLIST_FILE = BlocSpotTests/Info.plist;
				LD_RUNPATH_SEARCH_PATHS = "$(inherited) @executable_path/Frameworks @loader_path/Frameworks";
				PRODUCT_NAME = "$(TARGET_NAME)";
				TEST_HOST = "$(BUILT_PRODUCTS_DIR)/BlocSpot.app/BlocSpot";
			};
			name = Debug;
		};
		2F821B321A897C420016434D /* Release */ = {
			isa = XCBuildConfiguration;
			buildSettings = {
				BUNDLE_LOADER = "$(TEST_HOST)";
				FRAMEWORK_SEARCH_PATHS = (
					"$(SDKROOT)/Developer/Library/Frameworks",
					"$(inherited)",
				);
				INFOPLIST_FILE = BlocSpotTests/Info.plist;
				LD_RUNPATH_SEARCH_PATHS = "$(inherited) @executable_path/Frameworks @loader_path/Frameworks";
				PRODUCT_NAME = "$(TARGET_NAME)";
				TEST_HOST = "$(BUILT_PRODUCTS_DIR)/BlocSpot.app/BlocSpot";
			};
			name = Release;
		};
/* End XCBuildConfiguration section */

/* Begin XCConfigurationList section */
		2F821B051A897C420016434D /* Build configuration list for PBXProject "BlocSpot" */ = {
			isa = XCConfigurationList;
			buildConfigurations = (
				2F821B2B1A897C420016434D /* Debug */,
				2F821B2C1A897C420016434D /* Release */,
			);
			defaultConfigurationIsVisible = 0;
			defaultConfigurationName = Release;
		};
		2F821B2D1A897C420016434D /* Build configuration list for PBXNativeTarget "BlocSpot" */ = {
			isa = XCConfigurationList;
			buildConfigurations = (
				2F821B2E1A897C420016434D /* Debug */,
				2F821B2F1A897C420016434D /* Release */,
			);
			defaultConfigurationIsVisible = 0;
			defaultConfigurationName = Release;
		};
		2F821B301A897C420016434D /* Build configuration list for PBXNativeTarget "BlocSpotTests" */ = {
			isa = XCConfigurationList;
			buildConfigurations = (
				2F821B311A897C420016434D /* Debug */,
				2F821B321A897C420016434D /* Release */,
			);
			defaultConfigurationIsVisible = 0;
			defaultConfigurationName = Release;
		};
/* End XCConfigurationList section */
	};
	rootObject = 2F821B021A897C420016434D /* Project object */;
}
